dependencies:
- name: rabbitmq
  repository: file://charts/rabbitmq
  version: 0.1.0
- name: rabbitmq
  repository: file://charts/rabbitmq
  version: 0.1.0
- name: postgresql
  repository: file://charts/postgresql
  version: 0.1.0
digest: sha256:f957f5cfcbc7bcebb17cae9a160995ab9b8769cf8c5afde9459c98c7342cfa11
generated: "2025-10-07T10:00:28.432645+07:00"
